
Microsoft Visual Studio Solution File, Format Version 12.00
# Visual Studio Version 17
VisualStudioVersion = 17.8.34511.84
MinimumVisualStudioVersion = 10.0.40219.1
Project("{FAE04EC0-301F-11D3-BF4B-00C04F79EFBC}") = "MouseTrackingV2", "MouseTrackingV2.csproj", "{0B5DDE6D-6EA0-46AF-993F-9F1C98E624BF}"
EndProject
Global
	GlobalSection(SolutionConfigurationPlatforms) = preSolution
		Debug|Any CPU = Debug|Any CPU
		Release|Any CPU = Release|Any CPU
	EndGlobalSection
	GlobalSection(ProjectConfigurationPlatforms) = postSolution
		{0B5DDE6D-6EA0-46AF-993F-9F1C98E624BF}.Debug|Any CPU.ActiveCfg = Debug|Any CPU
		{0B5DDE6D-6EA0-46AF-993F-9F1C98E624BF}.Debug|Any CPU.Build.0 = Debug|Any CPU
		{0B5DDE6D-6EA0-46AF-993F-9F1C98E624BF}.Release|Any CPU.ActiveCfg = Release|Any CPU
		{0B5DDE6D-6EA0-46AF-993F-9F1C98E624BF}.Release|Any CPU.Build.0 = Release|Any CPU
	EndGlobalSection
	GlobalSection(SolutionProperties) = preSolution
		HideSolutionNode = FALSE
	EndGlobalSection
	GlobalSection(ExtensibilityGlobals) = postSolution
		SolutionGuid = {94CC1D72-C6B3-47AC-8842-9BE2A6F15DBA}
	EndGlobalSection
EndGlobal
